
Microsoft Visual Studio Solution File, Format Version 12.00
# Visual Studio Version 17
VisualStudioVersion = 17.0.31903.59
MinimumVisualStudioVersion = 10.0.40219.1
Project("{2150E333-8FDC-42A3-9474-1A3956D46DE8}") = "src", "src", "{827E0CD3-B72D-47B6-A68D-7590B98EB39B}"
EndProject
Project("{FAE04EC0-301F-11D3-BF4B-00C04F79EFBC}") = "VaultDelta.Domain", "src\VaultDelta.Domain\VaultDelta.Domain.csproj", "{612B2504-5289-4C02-99DB-C7FA1B3193B7}"
EndProject
Project("{FAE04EC0-301F-11D3-BF4B-00C04F79EFBC}") = "VaultDelta.Application", "src\VaultDelta.Application\VaultDelta.Application.csproj", "{590DFD64-5248-4D12-9152-09F1DCB2589C}"
EndProject
Project("{FAE04EC0-301F-11D3-BF4B-00C04F79EFBC}") = "VaultDelta.Infrastructure", "src\VaultDelta.Infrastructure\VaultDelta.Infrastructure.csproj", "{C47FED02-0667-4D98-83FC-1F472D257E56}"
EndProject
Project("{FAE04EC0-301F-11D3-BF4B-00C04F79EFBC}") = "VaultDelta.Desktop", "src\VaultDelta.Desktop\VaultDelta.Desktop.csproj", "{F316341C-4D77-411C-9B2B-731FD53A65A6}"
EndProject
Project("{2150E333-8FDC-42A3-9474-1A3956D46DE8}") = "tests", "tests", "{0AB3BF05-4346-4AA6-1389-037BE0695223}"
EndProject
Project("{FAE04EC0-301F-11D3-BF4B-00C04F79EFBC}") = "VaultDelta.Domain.Tests", "tests\VaultDelta.Domain.Tests\VaultDelta.Domain.Tests.csproj", "{5C5D14DF-4CDD-4099-88B5-C22E79925ADA}"
EndProject
Project("{FAE04EC0-301F-11D3-BF4B-00C04F79EFBC}") = "VaultDelta.Application.Tests", "tests\VaultDelta.Application.Tests\VaultDelta.Application.Tests.csproj", "{9C343833-3046-4AE6-B531-059749AFA726}"
EndProject
Project("{FAE04EC0-301F-11D3-BF4B-00C04F79EFBC}") = "VaultDelta.Infrastructure.Tests", "tests\VaultDelta.Infrastructure.Tests\VaultDelta.Infrastructure.Tests.csproj", "{8D1B9B24-492B-4E00-BB35-65A53A091DDC}"
EndProject
Project("{FAE04EC0-301F-11D3-BF4B-00C04F79EFBC}") = "VaultDelta.EndToEnd.Tests", "tests\VaultDelta.EndToEnd.Tests\VaultDelta.EndToEnd.Tests.csproj", "{C0CC47C5-7C58-4ADC-92B8-6A4876446228}"
EndProject
Global
	GlobalSection(SolutionConfigurationPlatforms) = preSolution
		Debug|Any CPU = Debug|Any CPU
		Debug|x64 = Debug|x64
		Debug|x86 = Debug|x86
		Release|Any CPU = Release|Any CPU
		Release|x64 = Release|x64
		Release|x86 = Release|x86
	EndGlobalSection
	GlobalSection(ProjectConfigurationPlatforms) = postSolution
		{612B2504-5289-4C02-99DB-C7FA1B3193B7}.Debug|Any CPU.ActiveCfg = Debug|Any CPU
		{612B2504-5289-4C02-99DB-C7FA1B3193B7}.Debug|Any CPU.Build.0 = Debug|Any CPU
		{612B2504-5289-4C02-99DB-C7FA1B3193B7}.Debug|x64.ActiveCfg = Debug|Any CPU
		{612B2504-5289-4C02-99DB-C7FA1B3193B7}.Debug|x64.Build.0 = Debug|Any CPU
		{612B2504-5289-4C02-99DB-C7FA1B3193B7}.Debug|x86.ActiveCfg = Debug|Any CPU
		{612B2504-5289-4C02-99DB-C7FA1B3193B7}.Debug|x86.Build.0 = Debug|Any CPU
		{612B2504-5289-4C02-99DB-C7FA1B3193B7}.Release|Any CPU.ActiveCfg = Release|Any CPU
		{612B2504-5289-4C02-99DB-C7FA1B3193B7}.Release|Any CPU.Build.0 = Release|Any CPU
		{612B2504-5289-4C02-99DB-C7FA1B3193B7}.Release|x64.ActiveCfg = Release|Any CPU
		{612B2504-5289-4C02-99DB-C7FA1B3193B7}.Release|x64.Build.0 = Release|Any CPU
		{612B2504-5289-4C02-99DB-C7FA1B3193B7}.Release|x86.ActiveCfg = Release|Any CPU
		{612B2504-5289-4C02-99DB-C7FA1B3193B7}.Release|x86.Build.0 = Release|Any CPU
		{590DFD64-5248-4D12-9152-09F1DCB2589C}.Debug|Any CPU.ActiveCfg = Debug|Any CPU
		{590DFD64-5248-4D12-9152-09F1DCB2589C}.Debug|Any CPU.Build.0 = Debug|Any CPU
		{590DFD64-5248-4D12-9152-09F1DCB2589C}.Debug|x64.ActiveCfg = Debug|Any CPU
		{590DFD64-5248-4D12-9152-09F1DCB2589C}.Debug|x64.Build.0 = Debug|Any CPU
		{590DFD64-5248-4D12-9152-09F1DCB2589C}.Debug|x86.ActiveCfg = Debug|Any CPU
		{590DFD64-5248-4D12-9152-09F1DCB2589C}.Debug|x86.Build.0 = Debug|Any CPU
		{590DFD64-5248-4D12-9152-09F1DCB2589C}.Release|Any CPU.ActiveCfg = Release|Any CPU
		{590DFD64-5248-4D12-9152-09F1DCB2589C}.Release|Any CPU.Build.0 = Release|Any CPU
		{590DFD64-5248-4D12-9152-09F1DCB2589C}.Release|x64.ActiveCfg = Release|Any CPU
		{590DFD64-5248-4D12-9152-09F1DCB2589C}.Release|x64.Build.0 = Release|Any CPU
		{590DFD64-5248-4D12-9152-09F1DCB2589C}.Release|x86.ActiveCfg = Release|Any CPU
		{590DFD64-5248-4D12-9152-09F1DCB2589C}.Release|x86.Build.0 = Release|Any CPU
		{C47FED02-0667-4D98-83FC-1F472D257E56}.Debug|Any CPU.ActiveCfg = Debug|Any CPU
		{C47FED02-0667-4D98-83FC-1F472D257E56}.Debug|Any CPU.Build.0 = Debug|Any CPU
		{C47FED02-0667-4D98-83FC-1F472D257E56}.Debug|x64.ActiveCfg = Debug|Any CPU
		{C47FED02-0667-4D98-83FC-1F472D257E56}.Debug|x64.Build.0 = Debug|Any CPU
		{C47FED02-0667-4D98-83FC-1F472D257E56}.Debug|x86.ActiveCfg = Debug|Any CPU
		{C47FED02-0667-4D98-83FC-1F472D257E56}.Debug|x86.Build.0 = Debug|Any CPU
		{C47FED02-0667-4D98-83FC-1F472D257E56}.Release|Any CPU.ActiveCfg = Release|Any CPU
		{C47FED02-0667-4D98-83FC-1F472D257E56}.Release|Any CPU.Build.0 = Release|Any CPU
		{C47FED02-0667-4D98-83FC-1F472D257E56}.Release|x64.ActiveCfg = Release|Any CPU
		{C47FED02-0667-4D98-83FC-1F472D257E56}.Release|x64.Build.0 = Release|Any CPU
		{C47FED02-0667-4D98-83FC-1F472D257E56}.Release|x86.ActiveCfg = Release|Any CPU
		{C47FED02-0667-4D98-83FC-1F472D257E56}.Release|x86.Build.0 = Release|Any CPU
		{F316341C-4D77-411C-9B2B-731FD53A65A6}.Debug|Any CPU.ActiveCfg = Debug|Any CPU
		{F316341C-4D77-411C-9B2B-731FD53A65A6}.Debug|Any CPU.Build.0 = Debug|Any CPU
		{F316341C-4D77-411C-9B2B-731FD53A65A6}.Debug|x64.ActiveCfg = Debug|Any CPU
		{F316341C-4D77-411C-9B2B-731FD53A65A6}.Debug|x64.Build.0 = Debug|Any CPU
		{F316341C-4D77-411C-9B2B-731FD53A65A6}.Debug|x86.ActiveCfg = Debug|Any CPU
		{F316341C-4D77-411C-9B2B-731FD53A65A6}.Debug|x86.Build.0 = Debug|Any CPU
		{F316341C-4D77-411C-9B2B-731FD53A65A6}.Release|Any CPU.ActiveCfg = Release|Any CPU
		{F316341C-4D77-411C-9B2B-731FD53A65A6}.Release|Any CPU.Build.0 = Release|Any CPU
		{F316341C-4D77-411C-9B2B-731FD53A65A6}.Release|x64.ActiveCfg = Release|Any CPU
		{F316341C-4D77-411C-9B2B-731FD53A65A6}.Release|x64.Build.0 = Release|Any CPU
		{F316341C-4D77-411C-9B2B-731FD53A65A6}.Release|x86.ActiveCfg = Release|Any CPU
		{F316341C-4D77-411C-9B2B-731FD53A65A6}.Release|x86.Build.0 = Release|Any CPU
		{5C5D14DF-4CDD-4099-88B5-C22E79925ADA}.Debug|Any CPU.ActiveCfg = Debug|Any CPU
		{5C5D14DF-4CDD-4099-88B5-C22E79925ADA}.Debug|Any CPU.Build.0 = Debug|Any CPU
		{5C5D14DF-4CDD-4099-88B5-C22E79925ADA}.Debug|x64.ActiveCfg = Debug|Any CPU
		{5C5D14DF-4CDD-4099-88B5-C22E79925ADA}.Debug|x64.Build.0 = Debug|Any CPU
		{5C5D14DF-4CDD-4099-88B5-C22E79925ADA}.Debug|x86.ActiveCfg = Debug|Any CPU
		{5C5D14DF-4CDD-4099-88B5-C22E79925ADA}.Debug|x86.Build.0 = Debug|Any CPU
		{5C5D14DF-4CDD-4099-88B5-C22E79925ADA}.Release|Any CPU.ActiveCfg = Release|Any CPU
		{5C5D14DF-4CDD-4099-88B5-C22E79925ADA}.Release|Any CPU.Build.0 = Release|Any CPU
		{5C5D14DF-4CDD-4099-88B5-C22E79925ADA}.Release|x64.ActiveCfg = Release|Any CPU
		{5C5D14DF-4CDD-4099-88B5-C22E79925ADA}.Release|x64.Build.0 = Release|Any CPU
		{5C5D14DF-4CDD-4099-88B5-C22E79925ADA}.Release|x86.ActiveCfg = Release|Any CPU
		{5C5D14DF-4CDD-4099-88B5-C22E79925ADA}.Release|x86.Build.0 = Release|Any CPU
		{9C343833-3046-4AE6-B531-059749AFA726}.Debug|Any CPU.ActiveCfg = Debug|Any CPU
		{9C343833-3046-4AE6-B531-059749AFA726}.Debug|Any CPU.Build.0 = Debug|Any CPU
		{9C343833-3046-4AE6-B531-059749AFA726}.Debug|x64.ActiveCfg = Debug|Any CPU
		{9C343833-3046-4AE6-B531-059749AFA726}.Debug|x64.Build.0 = Debug|Any CPU
		{9C343833-3046-4AE6-B531-059749AFA726}.Debug|x86.ActiveCfg = Debug|Any CPU
		{9C343833-3046-4AE6-B531-059749AFA726}.Debug|x86.Build.0 = Debug|Any CPU
		{9C343833-3046-4AE6-B531-059749AFA726}.Release|Any CPU.ActiveCfg = Release|Any CPU
		{9C343833-3046-4AE6-B531-059749AFA726}.Release|Any CPU.Build.0 = Release|Any CPU
		{9C343833-3046-4AE6-B531-059749AFA726}.Release|x64.ActiveCfg = Release|Any CPU
		{9C343833-3046-4AE6-B531-059749AFA726}.Release|x64.Build.0 = Release|Any CPU
		{9C343833-3046-4AE6-B531-059749AFA726}.Release|x86.ActiveCfg = Release|Any CPU
		{9C343833-3046-4AE6-B531-059749AFA726}.Release|x86.Build.0 = Release|Any CPU
		{8D1B9B24-492B-4E00-BB35-65A53A091DDC}.Debug|Any CPU.ActiveCfg = Debug|Any CPU
		{8D1B9B24-492B-4E00-BB35-65A53A091DDC}.Debug|Any CPU.Build.0 = Debug|Any CPU
		{8D1B9B24-492B-4E00-BB35-65A53A091DDC}.Debug|x64.ActiveCfg = Debug|Any CPU
		{8D1B9B24-492B-4E00-BB35-65A53A091DDC}.Debug|x64.Build.0 = Debug|Any CPU
		{8D1B9B24-492B-4E00-BB35-65A53A091DDC}.Debug|x86.ActiveCfg = Debug|Any CPU
		{8D1B9B24-492B-4E00-BB35-65A53A091DDC}.Debug|x86.Build.0 = Debug|Any CPU
		{8D1B9B24-492B-4E00-BB35-65A53A091DDC}.Release|Any CPU.ActiveCfg = Release|Any CPU
		{8D1B9B24-492B-4E00-BB35-65A53A091DDC}.Release|Any CPU.Build.0 = Release|Any CPU
		{8D1B9B24-492B-4E00-BB35-65A53A091DDC}.Release|x64.ActiveCfg = Release|Any CPU
		{8D1B9B24-492B-4E00-BB35-65A53A091DDC}.Release|x64.Build.0 = Release|Any CPU
		{8D1B9B24-492B-4E00-BB35-65A53A091DDC}.Release|x86.ActiveCfg = Release|Any CPU
		{8D1B9B24-492B-4E00-BB35-65A53A091DDC}.Release|x86.Build.0 = Release|Any CPU
		{C0CC47C5-7C58-4ADC-92B8-6A4876446228}.Debug|Any CPU.ActiveCfg = Debug|Any CPU
		{C0CC47C5-7C58-4ADC-92B8-6A4876446228}.Debug|Any CPU.Build.0 = Debug|Any CPU
		{C0CC47C5-7C58-4ADC-92B8-6A4876446228}.Debug|x64.ActiveCfg = Debug|Any CPU
		{C0CC47C5-7C58-4ADC-92B8-6A4876446228}.Debug|x64.Build.0 = Debug|Any CPU
		{C0CC47C5-7C58-4ADC-92B8-6A4876446228}.Debug|x86.ActiveCfg = Debug|Any CPU
		{C0CC47C5-7C58-4ADC-92B8-6A4876446228}.Debug|x86.Build.0 = Debug|Any CPU
		{C0CC47C5-7C58-4ADC-92B8-6A4876446228}.Release|Any CPU.ActiveCfg = Release|Any CPU
		{C0CC47C5-7C58-4ADC-92B8-6A4876446228}.Release|Any CPU.Build.0 = Release|Any CPU
		{C0CC47C5-7C58-4ADC-92B8-6A4876446228}.Release|x64.ActiveCfg = Release|Any CPU
		{C0CC47C5-7C58-4ADC-92B8-6A4876446228}.Release|x64.Build.0 = Release|Any CPU
		{C0CC47C5-7C58-4ADC-92B8-6A4876446228}.Release|x86.ActiveCfg = Release|Any CPU
		{C0CC47C5-7C58-4ADC-92B8-6A4876446228}.Release|x86.Build.0 = Release|Any CPU
	EndGlobalSection
	GlobalSection(SolutionProperties) = preSolution
		HideSolutionNode = FALSE
	EndGlobalSection
	GlobalSection(NestedProjects) = preSolution
		{612B2504-5289-4C02-99DB-C7FA1B3193B7} = {827E0CD3-B72D-47B6-A68D-7590B98EB39B}
		{590DFD64-5248-4D12-9152-09F1DCB2589C} = {827E0CD3-B72D-47B6-A68D-7590B98EB39B}
		{C47FED02-0667-4D98-83FC-1F472D257E56} = {827E0CD3-B72D-47B6-A68D-7590B98EB39B}
		{F316341C-4D77-411C-9B2B-731FD53A65A6} = {827E0CD3-B72D-47B6-A68D-7590B98EB39B}
		{5C5D14DF-4CDD-4099-88B5-C22E79925ADA} = {0AB3BF05-4346-4AA6-1389-037BE0695223}
		{9C343833-3046-4AE6-B531-059749AFA726} = {0AB3BF05-4346-4AA6-1389-037BE0695223}
		{8D1B9B24-492B-4E00-BB35-65A53A091DDC} = {0AB3BF05-4346-4AA6-1389-037BE0695223}
		{C0CC47C5-7C58-4ADC-92B8-6A4876446228} = {0AB3BF05-4346-4AA6-1389-037BE0695223}
	EndGlobalSection
EndGlobal
